
Microsoft Visual Studio Solution File, Format Version 12.00
# Visual Studio Version 16
VisualStudioVersion = 16.0.31025.194
MinimumVisualStudioVersion = 10.0.40219.1
Project("{FAE04EC0-301F-11D3-BF4B-00C04F79EFBC}") = "biblioteca proyecto", "biblioteca proyecto\biblioteca proyecto.csproj", "{C0C9989D-7304-467D-AC55-9DCE8D3E2B7D}"
EndProject
Global
	GlobalSection(SolutionConfigurationPlatforms) = preSolution
		Debug|Any CPU = Debug|Any CPU
		Release|Any CPU = Release|Any CPU
	EndGlobalSection
	GlobalSection(ProjectConfigurationPlatforms) = postSolution
		{C0C9989D-7304-467D-AC55-9DCE8D3E2B7D}.Debug|Any CPU.ActiveCfg = Debug|Any CPU
		{C0C9989D-7304-467D-AC55-9DCE8D3E2B7D}.Debug|Any CPU.Build.0 = Debug|Any CPU
		{C0C9989D-7304-467D-AC55-9DCE8D3E2B7D}.Release|Any CPU.ActiveCfg = Release|Any CPU
		{C0C9989D-7304-467D-AC55-9DCE8D3E2B7D}.Release|Any CPU.Build.0 = Release|Any CPU
	EndGlobalSection
	GlobalSection(SolutionProperties) = preSolution
		HideSolutionNode = FALSE
	EndGlobalSection
	GlobalSection(ExtensibilityGlobals) = postSolution
		SolutionGuid = {DB531C47-7880-46EC-9424-A7103B3B3D32}
	EndGlobalSection
EndGlobal
